
Microsoft Visual Studio Solution File, Format Version 12.00
# Visual Studio Version 17
VisualStudioVersion = 17.9.34622.214
MinimumVisualStudioVersion = 10.0.40219.1
Project("{FAE04EC0-301F-11D3-BF4B-00C04F79EFBC}") = "LundsBåtLager", "LundsBåtLager.csproj", "{04405775-2924-410F-873C-B2322980BEA4}"
EndProject
Global
	GlobalSection(SolutionConfigurationPlatforms) = preSolution
		Debug|Any CPU = Debug|Any CPU
		Release|Any CPU = Release|Any CPU
	EndGlobalSection
	GlobalSection(ProjectConfigurationPlatforms) = postSolution
		{04405775-2924-410F-873C-B2322980BEA4}.Debug|Any CPU.ActiveCfg = Debug|Any CPU
		{04405775-2924-410F-873C-B2322980BEA4}.Debug|Any CPU.Build.0 = Debug|Any CPU
		{04405775-2924-410F-873C-B2322980BEA4}.Release|Any CPU.ActiveCfg = Release|Any CPU
		{04405775-2924-410F-873C-B2322980BEA4}.Release|Any CPU.Build.0 = Release|Any CPU
	EndGlobalSection
	GlobalSection(SolutionProperties) = preSolution
		HideSolutionNode = FALSE
	EndGlobalSection
	GlobalSection(ExtensibilityGlobals) = postSolution
		SolutionGuid = {135B59E9-25FB-49BB-8B00-A3A4F7BAB111}
	EndGlobalSection
EndGlobal
